
Microsoft Visual Studio Solution File, Format Version 12.00
# Visual Studio Version 17
VisualStudioVersion = 17.1.32407.343
MinimumVisualStudioVersion = 10.0.40219.1
Project("{9A19103F-16F7-4668-BE54-9A1E7A4F7556}") = "AWSLambdaNew", "AWSLambdaNew\AWSLambdaNew.csproj", "{5255F209-31E1-494A-9359-2D478724010F}"
EndProject
Project("{9A19103F-16F7-4668-BE54-9A1E7A4F7556}") = "AWSLambdaNew.Tests", "AWSLambdaNew.Tests\AWSLambdaNew.Tests.csproj", "{6600B0F9-0DBA-4E9B-A1A8-D79699C40E85}"
EndProject
Global
	GlobalSection(SolutionConfigurationPlatforms) = preSolution
		Debug|Any CPU = Debug|Any CPU
		Release|Any CPU = Release|Any CPU
	EndGlobalSection
	GlobalSection(ProjectConfigurationPlatforms) = postSolution
		{5255F209-31E1-494A-9359-2D478724010F}.Debug|Any CPU.ActiveCfg = Debug|Any CPU
		{5255F209-31E1-494A-9359-2D478724010F}.Debug|Any CPU.Build.0 = Debug|Any CPU
		{5255F209-31E1-494A-9359-2D478724010F}.Release|Any CPU.ActiveCfg = Release|Any CPU
		{5255F209-31E1-494A-9359-2D478724010F}.Release|Any CPU.Build.0 = Release|Any CPU
		{6600B0F9-0DBA-4E9B-A1A8-D79699C40E85}.Debug|Any CPU.ActiveCfg = Debug|Any CPU
		{6600B0F9-0DBA-4E9B-A1A8-D79699C40E85}.Debug|Any CPU.Build.0 = Debug|Any CPU
		{6600B0F9-0DBA-4E9B-A1A8-D79699C40E85}.Release|Any CPU.ActiveCfg = Release|Any CPU
		{6600B0F9-0DBA-4E9B-A1A8-D79699C40E85}.Release|Any CPU.Build.0 = Release|Any CPU
	EndGlobalSection
	GlobalSection(SolutionProperties) = preSolution
		HideSolutionNode = FALSE
	EndGlobalSection
	GlobalSection(ExtensibilityGlobals) = postSolution
		SolutionGuid = {A901E0B2-446C-4BF4-83DD-FF28E9D45758}
	EndGlobalSection
EndGlobal
